Microsoft Visual Studio Solution File, Format Version 12.00
# Visual Studio Version 17
VisualStudioVersion = 17.5.2.0
MinimumVisualStudioVersion = 10.0.40219.1
Project("{FAE04EC0-301F-11D3-BF4B-00C04F79EFBC}") = "ACReader", "ACReader.csproj", "{47981427-B196-3B1F-055F-31B10A87BE18}"
EndProject
Global
	GlobalSection(SolutionConfigurationPlatforms) = preSolution
		Debug|Any CPU = Debug|Any CPU
		Release|Any CPU = Release|Any CPU
	EndGlobalSection
	GlobalSection(ProjectConfigurationPlatforms) = postSolution
		{47981427-B196-3B1F-055F-31B10A87BE18}.Debug|Any CPU.ActiveCfg = Debug|Any CPU
		{47981427-B196-3B1F-055F-31B10A87BE18}.Debug|Any CPU.Build.0 = Debug|Any CPU
		{47981427-B196-3B1F-055F-31B10A87BE18}.Release|Any CPU.ActiveCfg = Release|Any CPU
		{47981427-B196-3B1F-055F-31B10A87BE18}.Release|Any CPU.Build.0 = Release|Any CPU
	EndGlobalSection
	GlobalSection(SolutionProperties) = preSolution
		HideSolutionNode = FALSE
	EndGlobalSection
	GlobalSection(ExtensibilityGlobals) = postSolution
		SolutionGuid = {DB4E0A43-39E9-47AC-8936-8AB43618BD74}
	EndGlobalSection
EndGlobal
